
Microsoft Visual Studio Solution File, Format Version 12.00
# Visual Studio 15
VisualStudioVersion = 15.0.26730.12
MinimumVisualStudioVersion = 10.0.40219.1
Project("{2150E333-8FDC-42A3-9474-1A3956D46DE8}") = "Data Access Layer", "Data Access Layer", "{B5B2683F-BD94-467F-BE06-F37E8D53F4C8}"
EndProject
Project("{FAE04EC0-301F-11D3-BF4B-00C04F79EFBC}") = "InterSol.IManage.Data", "InterSol.IManage.Data\InterSol.IManage.Data.csproj", "{DF4D06A9-3614-4BCB-9214-36DD3F47898F}"
EndProject
Project("{2150E333-8FDC-42A3-9474-1A3956D46DE8}") = "Tests", "Tests", "{7329F3A8-DC7F-48EC-8230-616B2ADF322A}"
EndProject
Project("{FAE04EC0-301F-11D3-BF4B-00C04F79EFBC}") = "InterSol.IManage.IntegrationTests", "InterSol.IManage.IntegrationTests\InterSol.IManage.IntegrationTests.csproj", "{32016985-2FE0-4D0E-B201-BDEDF7C4609B}"
EndProject
Project("{FAE04EC0-301F-11D3-BF4B-00C04F79EFBC}") = "InterSol.IManage.UnitTests", "InterSol.IManageUnitTests\InterSol.IManage.UnitTests.csproj", "{21ECD583-7730-4BAF-A509-82E09B3FCF8A}"
EndProject
Project("{2150E333-8FDC-42A3-9474-1A3956D46DE8}") = "Service Layer", "Service Layer", "{163238D3-8A4E-426D-810B-5C69F958D556}"
EndProject
Project("{FAE04EC0-301F-11D3-BF4B-00C04F79EFBC}") = "InterSol.IManage.API", "InterSol.IManage.API\InterSol.IManage.API.csproj", "{E39C57D5-AB2E-4289-BED3-8CC80F882FD1}"
EndProject
Project("{2150E333-8FDC-42A3-9474-1A3956D46DE8}") = "Domain Layer", "Domain Layer", "{D667AC82-9D2D-4D6C-90A9-64BA8C0277DE}"
EndProject
Project("{2150E333-8FDC-42A3-9474-1A3956D46DE8}") = "Presentation Layer", "Presentation Layer", "{599F38C2-9FB0-4F51-8CA5-5A6BE7C08E06}"
EndProject
Project("{2150E333-8FDC-42A3-9474-1A3956D46DE8}") = "Web", "Web", "{215F7AAB-09CC-4D26-8DE5-6933F30C3C8C}"
EndProject
Project("{FAE04EC0-301F-11D3-BF4B-00C04F79EFBC}") = "InterSol.IManage.Mvc", "InterSol.IManage.Mvc\InterSol.IManage.Mvc.csproj", "{BFB8491D-BD01-4939-A079-41CDF2FB5A82}"
EndProject
Project("{FAE04EC0-301F-11D3-BF4B-00C04F79EFBC}") = "InterSol.IManage.Core", "InterSol.IManage.Core\InterSol.IManage.Core.csproj", "{8E5B4D87-B994-44C4-A7B7-D43F1AEEA6BD}"
EndProject
Global
	GlobalSection(SolutionConfigurationPlatforms) = preSolution
		Debug|Any CPU = Debug|Any CPU
		Release|Any CPU = Release|Any CPU
	EndGlobalSection
	GlobalSection(ProjectConfigurationPlatforms) = postSolution
		{DF4D06A9-3614-4BCB-9214-36DD3F47898F}.Debug|Any CPU.ActiveCfg = Debug|Any CPU
		{DF4D06A9-3614-4BCB-9214-36DD3F47898F}.Debug|Any CPU.Build.0 = Debug|Any CPU
		{DF4D06A9-3614-4BCB-9214-36DD3F47898F}.Release|Any CPU.ActiveCfg = Release|Any CPU
		{DF4D06A9-3614-4BCB-9214-36DD3F47898F}.Release|Any CPU.Build.0 = Release|Any CPU
		{32016985-2FE0-4D0E-B201-BDEDF7C4609B}.Debug|Any CPU.ActiveCfg = Debug|Any CPU
		{32016985-2FE0-4D0E-B201-BDEDF7C4609B}.Debug|Any CPU.Build.0 = Debug|Any CPU
		{32016985-2FE0-4D0E-B201-BDEDF7C4609B}.Release|Any CPU.ActiveCfg = Release|Any CPU
		{32016985-2FE0-4D0E-B201-BDEDF7C4609B}.Release|Any CPU.Build.0 = Release|Any CPU
		{21ECD583-7730-4BAF-A509-82E09B3FCF8A}.Debug|Any CPU.ActiveCfg = Debug|Any CPU
		{21ECD583-7730-4BAF-A509-82E09B3FCF8A}.Debug|Any CPU.Build.0 = Debug|Any CPU
		{21ECD583-7730-4BAF-A509-82E09B3FCF8A}.Release|Any CPU.ActiveCfg = Release|Any CPU
		{21ECD583-7730-4BAF-A509-82E09B3FCF8A}.Release|Any CPU.Build.0 = Release|Any CPU
		{E39C57D5-AB2E-4289-BED3-8CC80F882FD1}.Debug|Any CPU.ActiveCfg = Debug|Any CPU
		{E39C57D5-AB2E-4289-BED3-8CC80F882FD1}.Debug|Any CPU.Build.0 = Debug|Any CPU
		{E39C57D5-AB2E-4289-BED3-8CC80F882FD1}.Release|Any CPU.ActiveCfg = Release|Any CPU
		{E39C57D5-AB2E-4289-BED3-8CC80F882FD1}.Release|Any CPU.Build.0 = Release|Any CPU
		{BFB8491D-BD01-4939-A079-41CDF2FB5A82}.Debug|Any CPU.ActiveCfg = Debug|Any CPU
		{BFB8491D-BD01-4939-A079-41CDF2FB5A82}.Debug|Any CPU.Build.0 = Debug|Any CPU
		{BFB8491D-BD01-4939-A079-41CDF2FB5A82}.Release|Any CPU.ActiveCfg = Release|Any CPU
		{BFB8491D-BD01-4939-A079-41CDF2FB5A82}.Release|Any CPU.Build.0 = Release|Any CPU
		{8E5B4D87-B994-44C4-A7B7-D43F1AEEA6BD}.Debug|Any CPU.ActiveCfg = Debug|Any CPU
		{8E5B4D87-B994-44C4-A7B7-D43F1AEEA6BD}.Debug|Any CPU.Build.0 = Debug|Any CPU
		{8E5B4D87-B994-44C4-A7B7-D43F1AEEA6BD}.Release|Any CPU.ActiveCfg = Release|Any CPU
		{8E5B4D87-B994-44C4-A7B7-D43F1AEEA6BD}.Release|Any CPU.Build.0 = Release|Any CPU
	EndGlobalSection
	GlobalSection(SolutionProperties) = preSolution
		HideSolutionNode = FALSE
	EndGlobalSection
	GlobalSection(NestedProjects) = preSolution
		{DF4D06A9-3614-4BCB-9214-36DD3F47898F} = {B5B2683F-BD94-467F-BE06-F37E8D53F4C8}
		{32016985-2FE0-4D0E-B201-BDEDF7C4609B} = {7329F3A8-DC7F-48EC-8230-616B2ADF322A}
		{21ECD583-7730-4BAF-A509-82E09B3FCF8A} = {7329F3A8-DC7F-48EC-8230-616B2ADF322A}
		{E39C57D5-AB2E-4289-BED3-8CC80F882FD1} = {163238D3-8A4E-426D-810B-5C69F958D556}
		{215F7AAB-09CC-4D26-8DE5-6933F30C3C8C} = {599F38C2-9FB0-4F51-8CA5-5A6BE7C08E06}
		{BFB8491D-BD01-4939-A079-41CDF2FB5A82} = {215F7AAB-09CC-4D26-8DE5-6933F30C3C8C}
		{8E5B4D87-B994-44C4-A7B7-D43F1AEEA6BD} = {D667AC82-9D2D-4D6C-90A9-64BA8C0277DE}
	EndGlobalSection
	GlobalSection(ExtensibilityGlobals) = postSolution
		SolutionGuid = {F7FA4762-5DA7-46E6-8A5B-7D80726D97DA}
	EndGlobalSection
EndGlobal
